
Microsoft Visual Studio Solution File, Format Version 12.00
# Visual Studio Version 17
VisualStudioVersion = 17.1.32407.343
MinimumVisualStudioVersion = 10.0.40219.1
Project("{FAE04EC0-301F-11D3-BF4B-00C04F79EFBC}") = "Дз1(Завдання3)", "Дз1(Завдання3)\Дз1(Завдання3).csproj", "{8194F80B-688A-4230-8BDD-1EFB28B50730}"
EndProject
Global
	GlobalSection(SolutionConfigurationPlatforms) = preSolution
		Debug|Any CPU = Debug|Any CPU
		Release|Any CPU = Release|Any CPU
	EndGlobalSection
	GlobalSection(ProjectConfigurationPlatforms) = postSolution
		{8194F80B-688A-4230-8BDD-1EFB28B50730}.Debug|Any CPU.ActiveCfg = Debug|Any CPU
		{8194F80B-688A-4230-8BDD-1EFB28B50730}.Debug|Any CPU.Build.0 = Debug|Any CPU
		{8194F80B-688A-4230-8BDD-1EFB28B50730}.Release|Any CPU.ActiveCfg = Release|Any CPU
		{8194F80B-688A-4230-8BDD-1EFB28B50730}.Release|Any CPU.Build.0 = Release|Any CPU
	EndGlobalSection
	GlobalSection(SolutionProperties) = preSolution
		HideSolutionNode = FALSE
	EndGlobalSection
	GlobalSection(ExtensibilityGlobals) = postSolution
		SolutionGuid = {A90F448F-08F1-4C23-916F-884E539D35E1}
	EndGlobalSection
EndGlobal
